
Microsoft Visual Studio Solution File, Format Version 12.00
# Visual Studio Version 17
VisualStudioVersion = 17.5.002.0
MinimumVisualStudioVersion = 10.0.40219.1
Project("{9A19103F-16F7-4668-BE54-9A1E7A4F7556}") = "speech", "speech.csproj", "{2140EBB8-E249-46A1-BF99-FF6FBC33855C}"
EndProject
Global
	GlobalSection(SolutionConfigurationPlatforms) = preSolution
		Debug|Any CPU = Debug|Any CPU
		Release|Any CPU = Release|Any CPU
	EndGlobalSection
	GlobalSection(ProjectConfigurationPlatforms) = postSolution
		{2140EBB8-E249-46A1-BF99-FF6FBC33855C}.Debug|Any CPU.ActiveCfg = Debug|Any CPU
		{2140EBB8-E249-46A1-BF99-FF6FBC33855C}.Debug|Any CPU.Build.0 = Debug|Any CPU
		{2140EBB8-E249-46A1-BF99-FF6FBC33855C}.Release|Any CPU.ActiveCfg = Release|Any CPU
		{2140EBB8-E249-46A1-BF99-FF6FBC33855C}.Release|Any CPU.Build.0 = Release|Any CPU
	EndGlobalSection
	GlobalSection(SolutionProperties) = preSolution
		HideSolutionNode = FALSE
	EndGlobalSection
	GlobalSection(ExtensibilityGlobals) = postSolution
		SolutionGuid = {4C887096-69C9-475A-9A99-D8E7C1807691}
	EndGlobalSection
EndGlobal
